
Microsoft Visual Studio Solution File, Format Version 11.00
# Visual Studio 2010
Project("{FAE04EC0-301F-11D3-BF4B-00C04F79EFBC}") = "food-ordering-system", "food-ordering-system.csproj", "{DFB96F5E-3CE4-47FD-AA1B-F0AF11E64C98}"
EndProject
Global
	GlobalSection(SolutionConfigurationPlatforms) = preSolution
		Debug|x86 = Debug|x86
		Release|x86 = Release|x86
	EndGlobalSection
	GlobalSection(ProjectConfigurationPlatforms) = postSolution
		{DFB96F5E-3CE4-47FD-AA1B-F0AF11E64C98}.Debug|x86.ActiveCfg = Debug|x86
		{DFB96F5E-3CE4-47FD-AA1B-F0AF11E64C98}.Debug|x86.Build.0 = Debug|x86
		{DFB96F5E-3CE4-47FD-AA1B-F0AF11E64C98}.Release|x86.ActiveCfg = Release|x86
		{DFB96F5E-3CE4-47FD-AA1B-F0AF11E64C98}.Release|x86.Build.0 = Release|x86
	EndGlobalSection
	GlobalSection(SolutionProperties) = preSolution
		HideSolutionNode = FALSE
	EndGlobalSection
EndGlobal
